// !$*UTF8*$!
{
	archiveVersion = 1;
	classes = {
	};
	objectVersion = 46;
	objects = {

/* Begin PBXBuildFile section */
		0121D82C1F1DBACF0078B979 /* Helpers.swift in Sources */ = {isa = PBXBuildFile; fileRef = 0121D82B1F1DBACF0078B979 /* Helpers.swift */; };
		0121D82E1F1DC4650078B979 /* BrandCell.swift in Sources */ = {isa = PBXBuildFile; fileRef = 0121D82D1F1DC4650078B979 /* BrandCell.swift */; };
		015EFB9B1F1C61500015E97A /* AppDelegate.swift in Sources */ = {isa = PBXBuildFile; fileRef = 015EFB9A1F1C61500015E97A /* AppDelegate.swift */; };
		015EFBA01F1C61500015E97A /* Main.storyboard in Resources */ = {isa = PBXBuildFile; fileRef = 015EFB9E1F1C61500015E97A /* Main.storyboard */; };
		015EFBA21F1C61500015E97A /* Assets.xcassets in Resources */ = {isa = PBXBuildFile; fileRef = 015EFBA11F1C61500015E97A /* Assets.xcassets */; };
		015EFBA51F1C61500015E97A /* LaunchScreen.storyboard in Resources */ = {isa = PBXBuildFile; fileRef = 015EFBA31F1C61500015E97A /* LaunchScreen.storyboard */; };
		015EFBD01F1C63200015E97A /* BrandsViewController.swift in Sources */ = {isa = PBXBuildFile; fileRef = 015EFBCF1F1C63200015E97A /* BrandsViewController.swift */; };
		015EFBD41F1C66570015E97A /* Router.swift in Sources */ = {isa = PBXBuildFile; fileRef = 015EFBD31F1C66570015E97A /* Router.swift */; };
		019619051F1ECC7100450660 /* BrandService.swift in Sources */ = {isa = PBXBuildFile; fileRef = 019619041F1ECC7100450660 /* BrandService.swift */; };
		019619071F1FC96000450660 /* SectionData.swift in Sources */ = {isa = PBXBuildFile; fileRef = 019619061F1FC96000450660 /* SectionData.swift */; };
		019619091F20388000450660 /* UIDecorator.swift in Sources */ = {isa = PBXBuildFile; fileRef = 019619081F20388000450660 /* UIDecorator.swift */; };
		0196190B1F20395000450660 /* InternetChecker.swift in Sources */ = {isa = PBXBuildFile; fileRef = 0196190A1F20395000450660 /* InternetChecker.swift */; };
		0196190D1F2048D200450660 /* Extensions.swift in Sources */ = {isa = PBXBuildFile; fileRef = 0196190C1F2048D200450660 /* Extensions.swift */; };
		019619201F204F0400450660 /* BrandsServiceTests.swift in Sources */ = {isa = PBXBuildFile; fileRef = 0196191F1F204F0400450660 /* BrandsServiceTests.swift */; };
		019619221F2058FC00450660 /* BransMock.plist in Resources */ = {isa = PBXBuildFile; fileRef = 019619211F2058FC00450660 /* BransMock.plist */; };
		01A89FAF1F1D975800865941 /* BrandsViewModel.swift in Sources */ = {isa = PBXBuildFile; fileRef = 01A89FAE1F1D975800865941 /* BrandsViewModel.swift */; };
		01A89FB11F1D97F900865941 /* Brand.swift in Sources */ = {isa = PBXBuildFile; fileRef = 01A89FB01F1D97F900865941 /* Brand.swift */; };
		E446CE5ECB8063112F5FF315 /* Pods_Stylight_Technical_Task.framework in Frameworks */ = {isa = PBXBuildFile; fileRef = 0355C7A197B0E045A4DBD476 /* Pods_Stylight_Technical_Task.framework */; };
/* End PBXBuildFile section */

/* Begin PBXContainerItemProxy section */
		019619171F204E3000450660 /* PBXContainerItemProxy */ = {
			isa = PBXContainerItemProxy;
			containerPortal = 015EFB8F1F1C61500015E97A /* Project object */;
			proxyType = 1;
			remoteGlobalIDString = 015EFB961F1C61500015E97A;
			remoteInfo = "Stylight Technical Task";
		};
/* End PBXContainerItemProxy section */

/* Begin PBXFileReference section */
		0121D82B1F1DBACF0078B979 /* Helpers.swift */ = {isa = PBXFileReference; fileEncoding = 4; lastKnownFileType = sourcecode.swift; path = Helpers.swift; sourceTree = "<group>"; };
		0121D82D1F1DC4650078B979 /* BrandCell.swift */ = {isa = PBXFileReference; fileEncoding = 4; lastKnownFileType = sourcecode.swift; path = BrandCell.swift; sourceTree = "<group>"; };
		015EFB971F1C61500015E97A /* Stylight Technical Task.app */ = {isa = PBXFileReference; explicitFileType = wrapper.application; includeInIndex = 0; path = "Stylight Technical Task.app"; sourceTree = BUILT_PRODUCTS_DIR; };
		015EFB9A1F1C61500015E97A /* AppDelegate.swift */ = {isa = PBXFileReference; lastKnownFileType = sourcecode.swift; path = AppDelegate.swift; sourceTree = "<group>"; };
		015EFB9F1F1C61500015E97A /* Base */ = {isa = PBXFileReference; lastKnownFileType = file.storyboard; name = Base; path = Base.lproj/Main.storyboard; sourceTree = "<group>"; };
		015EFBA11F1C61500015E97A /* Assets.xcassets */ = {isa = PBXFileReference; lastKnownFileType = folder.assetcatalog; name = Assets.xcassets; path = ../Assets.xcassets; sourceTree = "<group>"; };
		015EFBA41F1C61500015E97A /* Base */ = {isa = PBXFileReference; lastKnownFileType = file.storyboard; name = Base; path = Base.lproj/LaunchScreen.storyboard; sourceTree = "<group>"; };
		015EFBA61F1C61500015E97A /* Info.plist */ = {isa = PBXFileReference; lastKnownFileType = text.plist.xml; path = Info.plist; sourceTree = "<group>"; };
		015EFBCF1F1C63200015E97A /* BrandsViewController.swift */ = {isa = PBXFileReference; fileEncoding = 4; lastKnownFileType = sourcecode.swift; path = BrandsViewController.swift; sourceTree = "<group>"; };
		015EFBD31F1C66570015E97A /* Router.swift */ = {isa = PBXFileReference; fileEncoding = 4; lastKnownFileType = sourcecode.swift; path = Router.swift; sourceTree = "<group>"; };
		015EFBD51F1C6D970015E97A /* Stylight Draft.playground */ = {isa = PBXFileReference; lastKnownFileType = file.playground; path = "Stylight Draft.playground"; sourceTree = "<group>"; };
		019619041F1ECC7100450660 /* BrandService.swift */ = {isa = PBXFileReference; fileEncoding = 4; lastKnownFileType = sourcecode.swift; path = BrandService.swift; sourceTree = "<group>"; };
		019619061F1FC96000450660 /* SectionData.swift */ = {isa = PBXFileReference; fileEncoding = 4; lastKnownFileType = sourcecode.swift; path = SectionData.swift; sourceTree = "<group>"; };
		019619081F20388000450660 /* UIDecorator.swift */ = {isa = PBXFileReference; fileEncoding = 4; lastKnownFileType = sourcecode.swift; path = UIDecorator.swift; sourceTree = "<group>"; };
		0196190A1F20395000450660 /* InternetChecker.swift */ = {isa = PBXFileReference; fileEncoding = 4; lastKnownFileType = sourcecode.swift; path = InternetChecker.swift; sourceTree = "<group>"; };
		0196190C1F2048D200450660 /* Extensions.swift */ = {isa = PBXFileReference; fileEncoding = 4; lastKnownFileType = sourcecode.swift; path = Extensions.swift; sourceTree = "<group>"; };
		019619121F204E3000450660 /* StylightUnitTests.xctest */ = {isa = PBXFileReference; explicitFileType = wrapper.cfbundle; includeInIndex = 0; path = StylightUnitTests.xctest; sourceTree = BUILT_PRODUCTS_DIR; };
		019619161F204E3000450660 /* Info.plist */ = {isa = PBXFileReference; lastKnownFileType = text.plist.xml; path = Info.plist; sourceTree = "<group>"; };
		0196191F1F204F0400450660 /* BrandsServiceTests.swift */ = {isa = PBXFileReference; fileEncoding = 4; lastKnownFileType = sourcecode.swift; path = BrandsServiceTests.swift; sourceTree = "<group>"; };
		019619211F2058FC00450660 /* BransMock.plist */ = {isa = PBXFileReference; fileEncoding = 4; lastKnownFileType = text.plist.xml; path = BransMock.plist; sourceTree = "<group>"; };
		01A89FAE1F1D975800865941 /* BrandsViewModel.swift */ = {isa = PBXFileReference; fileEncoding = 4; lastKnownFileType = sourcecode.swift; path = BrandsViewModel.swift; sourceTree = "<group>"; };
		01A89FB01F1D97F900865941 /* Brand.swift */ = {isa = PBXFileReference; fileEncoding = 4; lastKnownFileType = sourcecode.swift; path = Brand.swift; sourceTree = "<group>"; };
		0355C7A197B0E045A4DBD476 /* Pods_Stylight_Technical_Task.framework */ = {isa = PBXFileReference; explicitFileType = wrapper.framework; includeInIndex = 0; path = Pods_Stylight_Technical_Task.framework; sourceTree = BUILT_PRODUCTS_DIR; };
		10661ED9A34215834694900B /* Pods_Stylight_Technical_TaskUITests.framework */ = {isa = PBXFileReference; explicitFileType = wrapper.framework; includeInIndex = 0; path = Pods_Stylight_Technical_TaskUITests.framework; sourceTree = BUILT_PRODUCTS_DIR; };
		66878ABAB81A84389A33077C /* Pods-Stylight Technical TaskUITests.release.xcconfig */ = {isa = PBXFileReference; includeInIndex = 1; lastKnownFileType = text.xcconfig; name = "Pods-Stylight Technical TaskUITests.release.xcconfig"; path = "Pods/Target Support Files/Pods-Stylight Technical TaskUITests/Pods-Stylight Technical TaskUITests.release.xcconfig"; sourceTree = "<group>"; };
		7B23CFBFE7F0473955D182FB /* Pods-Stylight Technical TaskUITests.debug.xcconfig */ = {isa = PBXFileReference; includeInIndex = 1; lastKnownFileType = text.xcconfig; name = "Pods-Stylight Technical TaskUITests.debug.xcconfig"; path = "Pods/Target Support Files/Pods-Stylight Technical TaskUITests/Pods-Stylight Technical TaskUITests.debug.xcconfig"; sourceTree = "<group>"; };
		7E04EA03EC61BA64F7D0062C /* Pods-Stylight Technical TaskTests.release.xcconfig */ = {isa = PBXFileReference; includeInIndex = 1; lastKnownFileType = text.xcconfig; name = "Pods-Stylight Technical TaskTests.release.xcconfig"; path = "Pods/Target Support Files/Pods-Stylight Technical TaskTests/Pods-Stylight Technical TaskTests.release.xcconfig"; sourceTree = "<group>"; };
		986A9697F17D00BC29EF9BF9 /* Pods-Stylight Technical Task.debug.xcconfig */ = {isa = PBXFileReference; includeInIndex = 1; lastKnownFileType = text.xcconfig; name = "Pods-Stylight Technical Task.debug.xcconfig"; path = "Pods/Target Support Files/Pods-Stylight Technical Task/Pods-Stylight Technical Task.debug.xcconfig"; sourceTree = "<group>"; };
		BFEFD9B0D816D1E15859EAD2 /* Pods-Stylight Technical TaskTests.debug.xcconfig */ = {isa = PBXFileReference; includeInIndex = 1; lastKnownFileType = text.xcconfig; name = "Pods-Stylight Technical TaskTests.debug.xcconfig"; path = "Pods/Target Support Files/Pods-Stylight Technical TaskTests/Pods-Stylight Technical TaskTests.debug.xcconfig"; sourceTree = "<group>"; };
		C78FF07C4DEF4D3145AF629C /* Pods_Stylight_Technical_TaskTests.framework */ = {isa = PBXFileReference; explicitFileType = wrapper.framework; includeInIndex = 0; path = Pods_Stylight_Technical_TaskTests.framework; sourceTree = BUILT_PRODUCTS_DIR; };
		F6028988684E0754D99DE00A /* Pods-Stylight Technical Task.release.xcconfig */ = {isa = PBXFileReference; includeInIndex = 1; lastKnownFileType = text.xcconfig; name = "Pods-Stylight Technical Task.release.xcconfig"; path = "Pods/Target Support Files/Pods-Stylight Technical Task/Pods-Stylight Technical Task.release.xcconfig"; sourceTree = "<group>"; };
/* End PBXFileReference section */

/* Begin PBXFrameworksBuildPhase section */
		015EFB941F1C61500015E97A /* Frameworks */ = {
			isa = PBXFrameworksBuildPhase;
			buildActionMask = 2147483647;
			files = (
				E446CE5ECB8063112F5FF315 /* Pods_Stylight_Technical_Task.framework in Frameworks */,
			);
			runOnlyForDeploymentPostprocessing = 0;
		};
		0196190F1F204E3000450660 /* Frameworks */ = {
			isa = PBXFrameworksBuildPhase;
			buildActionMask = 2147483647;
			files = (
			);
			runOnlyForDeploymentPostprocessing = 0;
		};
/* End PBXFrameworksBuildPhase section */

/* Begin PBXGroup section */
		015EFB8E1F1C61500015E97A = {
			isa = PBXGroup;
			children = (
				015EFB991F1C61500015E97A /* Stylight Technical Task */,
				019619131F204E3000450660 /* StylightUnitTests */,
				015EFB981F1C61500015E97A /* Products */,
				F5CADB2B69BA34478F9A82AE /* Pods */,
				7347A94F652CE2278EB1AD81 /* Frameworks */,
			);
			sourceTree = "<group>";
		};
		015EFB981F1C61500015E97A /* Products */ = {
			isa = PBXGroup;
			children = (
				015EFB971F1C61500015E97A /* Stylight Technical Task.app */,
				019619121F204E3000450660 /* StylightUnitTests.xctest */,
			);
			name = Products;
			sourceTree = "<group>";
		};
		015EFB991F1C61500015E97A /* Stylight Technical Task */ = {
			isa = PBXGroup;
			children = (
				015EFB9A1F1C61500015E97A /* AppDelegate.swift */,
				015EFBC81F1C62F00015E97A /* Controllers */,
				015EFBCD1F1C62F00015E97A /* Views */,
				015EFBCC1F1C62F00015E97A /* ViewModels */,
				015EFBCB1F1C62F00015E97A /* Models */,
				015EFBC91F1C62F00015E97A /* Data Stores */,
				015EFBCA1F1C62F00015E97A /* Helpers */,
				015EFBCE1F1C63020015E97A /* Others */,
				015EFBA61F1C61500015E97A /* Info.plist */,
			);
			path = "Stylight Technical Task";
			sourceTree = "<group>";
		};
		015EFBC81F1C62F00015E97A /* Controllers */ = {
			isa = PBXGroup;
			children = (
				015EFBCF1F1C63200015E97A /* BrandsViewController.swift */,
			);
			path = Controllers;
			sourceTree = "<group>";
		};
		015EFBC91F1C62F00015E97A /* Data Stores */ = {
			isa = PBXGroup;
			children = (
			);
			path = "Data Stores";
			sourceTree = "<group>";
		};
		015EFBCA1F1C62F00015E97A /* Helpers */ = {
			isa = PBXGroup;
			children = (
				015EFBD31F1C66570015E97A /* Router.swift */,
				0121D82B1F1DBACF0078B979 /* Helpers.swift */,
				0196190C1F2048D200450660 /* Extensions.swift */,
				019619081F20388000450660 /* UIDecorator.swift */,
				0196190A1F20395000450660 /* InternetChecker.swift */,
			);
			path = Helpers;
			sourceTree = "<group>";
		};
		015EFBCB1F1C62F00015E97A /* Models */ = {
			isa = PBXGroup;
			children = (
				01A89FB01F1D97F900865941 /* Brand.swift */,
				019619061F1FC96000450660 /* SectionData.swift */,
			);
			path = Models;
			sourceTree = "<group>";
		};
		015EFBCC1F1C62F00015E97A /* ViewModels */ = {
			isa = PBXGroup;
			children = (
				01A89FAE1F1D975800865941 /* BrandsViewModel.swift */,
				019619041F1ECC7100450660 /* BrandService.swift */,
			);
			path = ViewModels;
			sourceTree = "<group>";
		};
		015EFBCD1F1C62F00015E97A /* Views */ = {
			isa = PBXGroup;
			children = (
				0121D82D1F1DC4650078B979 /* BrandCell.swift */,
				015EFB9E1F1C61500015E97A /* Main.storyboard */,
				015EFBA11F1C61500015E97A /* Assets.xcassets */,
				015EFBA31F1C61500015E97A /* LaunchScreen.storyboard */,
			);
			path = Views;
			sourceTree = "<group>";
		};
		015EFBCE1F1C63020015E97A /* Others */ = {
			isa = PBXGroup;
			children = (
				015EFBD51F1C6D970015E97A /* Stylight Draft.playground */,
			);
			path = Others;
			sourceTree = "<group>";
		};
		019619131F204E3000450660 /* StylightUnitTests */ = {
			isa = PBXGroup;
			children = (
				0196191D1F204E6C00450660 /* Cases */,
				0196191E1F204E7100450660 /* Data */,
				0196191C1F204E5A00450660 /* Supporting Files */,
			);
			path = StylightUnitTests;
			sourceTree = "<group>";
		};
		0196191C1F204E5A00450660 /* Supporting Files */ = {
			isa = PBXGroup;
			children = (
				019619161F204E3000450660 /* Info.plist */,
			);
			name = "Supporting Files";
			sourceTree = "<group>";
		};
		0196191D1F204E6C00450660 /* Cases */ = {
			isa = PBXGroup;
			children = (
				0196191F1F204F0400450660 /* BrandsServiceTests.swift */,
			);
			name = Cases;
			sourceTree = "<group>";
		};
		0196191E1F204E7100450660 /* Data */ = {
			isa = PBXGroup;
			children = (
				019619211F2058FC00450660 /* BransMock.plist */,
			);
			name = Data;
			sourceTree = "<group>";
		};
		7347A94F652CE2278EB1AD81 /* Frameworks */ = {
			isa = PBXGroup;
			children = (
				0355C7A197B0E045A4DBD476 /* Pods_Stylight_Technical_Task.framework */,
				C78FF07C4DEF4D3145AF629C /* Pods_Stylight_Technical_TaskTests.framework */,
				10661ED9A34215834694900B /* Pods_Stylight_Technical_TaskUITests.framework */,
			);
			name = Frameworks;
			sourceTree = "<group>";
		};
		F5CADB2B69BA34478F9A82AE /* Pods */ = {
			isa = PBXGroup;
			children = (
				986A9697F17D00BC29EF9BF9 /* Pods-Stylight Technical Task.debug.xcconfig */,
				F6028988684E0754D99DE00A /* Pods-Stylight Technical Task.release.xcconfig */,
				BFEFD9B0D816D1E15859EAD2 /* Pods-Stylight Technical TaskTests.debug.xcconfig */,
				7E04EA03EC61BA64F7D0062C /* Pods-Stylight Technical TaskTests.release.xcconfig */,
				7B23CFBFE7F0473955D182FB /* Pods-Stylight Technical TaskUITests.debug.xcconfig */,
				66878ABAB81A84389A33077C /* Pods-Stylight Technical TaskUITests.release.xcconfig */,
			);
			name = Pods;
			sourceTree = "<group>";
		};
/* End PBXGroup section */

/* Begin PBXNativeTarget section */
		015EFB961F1C61500015E97A /* Stylight Technical Task */ = {
			isa = PBXNativeTarget;
			buildConfigurationList = 015EFBBF1F1C61500015E97A /* Build configuration list for PBXNativeTarget "Stylight Technical Task" */;
			buildPhases = (
				B17EDF10A02A30A8EE3D4DBF /* [CP] Check Pods Manifest.lock */,
				015EFB931F1C61500015E97A /* Sources */,
				015EFB941F1C61500015E97A /* Frameworks */,
				015EFB951F1C61500015E97A /* Resources */,
				07D43C827373E5F86B1207DC /* [CP] Embed Pods Frameworks */,
				8A9EED7D5318B0101E1935A8 /* [CP] Copy Pods Resources */,
			);
			buildRules = (
			);
			dependencies = (
			);
			name = "Stylight Technical Task";
			productName = "Stylight Technical Task";
			productReference = 015EFB971F1C61500015E97A /* Stylight Technical Task.app */;
			productType = "com.apple.product-type.application";
		};
		019619111F204E3000450660 /* StylightUnitTests */ = {
			isa = PBXNativeTarget;
			buildConfigurationList = 019619191F204E3000450660 /* Build configuration list for PBXNativeTarget "StylightUnitTests" */;
			buildPhases = (
				0196190E1F204E3000450660 /* Sources */,
				0196190F1F204E3000450660 /* Frameworks */,
				019619101F204E3000450660 /* Resources */,
			);
			buildRules = (
			);
			dependencies = (
				019619181F204E3000450660 /* PBXTargetDependency */,
			);
			name = StylightUnitTests;
			productName = StylightUnitTests;
			productReference = 019619121F204E3000450660 /* StylightUnitTests.xctest */;
			productType = "com.apple.product-type.bundle.unit-test";
		};
/* End PBXNativeTarget section */

/* Begin PBXProject section */
		015EFB8F1F1C61500015E97A /* Project object */ = {
			isa = PBXProject;
			attributes = {
				LastSwiftUpdateCheck = 0830;
				LastUpgradeCheck = 0830;
				ORGANIZATIONNAME = "Ahmad Atef";
				TargetAttributes = {
					015EFB961F1C61500015E97A = {
						CreatedOnToolsVersion = 8.3;
						DevelopmentTeam = LG4XB4J5E3;
						ProvisioningStyle = Automatic;
					};
					019619111F204E3000450660 = {
						CreatedOnToolsVersion = 8.3;
						DevelopmentTeam = LG4XB4J5E3;
						LastSwiftMigration = 0830;
						ProvisioningStyle = Automatic;
						TestTargetID = 015EFB961F1C61500015E97A;
					};
				};
			};
			buildConfigurationList = 015EFB921F1C61500015E97A /* Build configuration list for PBXProject "Stylight Technical Task" */;
			compatibilityVersion = "Xcode 3.2";
			developmentRegion = English;
			hasScannedForEncodings = 0;
			knownRegions = (
				en,
				Base,
			);
			mainGroup = 015EFB8E1F1C61500015E97A;
			productRefGroup = 015EFB981F1C61500015E97A /* Products */;
			projectDirPath = "";
			projectRoot = "";
			targets = (
				015EFB961F1C61500015E97A /* Stylight Technical Task */,
				019619111F204E3000450660 /* StylightUnitTests */,
			);
		};
/* End PBXProject section */

/* Begin PBXResourcesBuildPhase section */
		015EFB951F1C61500015E97A /* Resources */ = {
			isa = PBXResourcesBuildPhase;
			buildActionMask = 2147483647;
			files = (
				015EFBA51F1C61500015E97A /* LaunchScreen.storyboard in Resources */,
				015EFBA21F1C61500015E97A /* Assets.xcassets in Resources */,
				015EFBA01F1C61500015E97A /* Main.storyboard in Resources */,
			);
			runOnlyForDeploymentPostprocessing = 0;
		};
		019619101F204E3000450660 /* Resources */ = {
			isa = PBXResourcesBuildPhase;
			buildActionMask = 2147483647;
			files = (
				019619221F2058FC00450660 /* BransMock.plist in Resources */,
			);
			runOnlyForDeploymentPostprocessing = 0;
		};
/* End PBXResourcesBuildPhase section */

/* Begin PBXShellScriptBuildPhase section */
		07D43C827373E5F86B1207DC /* [CP] Embed Pods Frameworks */ = {
			isa = PBXShellScriptBuildPhase;
			buildActionMask = 2147483647;
			files = (
			);
			inputPaths = (
			);
			name = "[CP] Embed Pods Frameworks";
			outputPaths = (
			);
			runOnlyForDeploymentPostprocessing = 0;
			shellPath = /bin/sh;
			shellScript = "\"${SRCROOT}/Pods/Target Support Files/Pods-Stylight Technical Task/Pods-Stylight Technical Task-frameworks.sh\"\n";
			showEnvVarsInLog = 0;
		};
		8A9EED7D5318B0101E1935A8 /* [CP] Copy Pods Resources */ = {
			isa = PBXShellScriptBuildPhase;
			buildActionMask = 2147483647;
			files = (
			);
			inputPaths = (
			);
			name = "[CP] Copy Pods Resources";
			outputPaths = (
			);
			runOnlyForDeploymentPostprocessing = 0;
			shellPath = /bin/sh;
			shellScript = "\"${SRCROOT}/Pods/Target Support Files/Pods-Stylight Technical Task/Pods-Stylight Technical Task-resources.sh\"\n";
			showEnvVarsInLog = 0;
		};
		B17EDF10A02A30A8EE3D4DBF /* [CP] Check Pods Manifest.lock */ = {
			isa = PBXShellScriptBuildPhase;
			buildActionMask = 2147483647;
			files = (
			);
			inputPaths = (
			);
			name = "[CP] Check Pods Manifest.lock";
			outputPaths = (
			);
			runOnlyForDeploymentPostprocessing = 0;
			shellPath = /bin/sh;
			shellScript = "diff \"${PODS_PODFILE_DIR_PATH}/Podfile.lock\" \"${PODS_ROOT}/Manifest.lock\" > /dev/null\nif [ $? != 0 ] ; then\n    # print error to STDERR\n    echo \"error: The sandbox is not in sync with the Podfile.lock. Run 'pod install' or update your CocoaPods installation.\" >&2\n    exit 1\nfi\n";
			showEnvVarsInLog = 0;
		};
/* End PBXShellScriptBuildPhase section */

/* Begin PBXSourcesBuildPhase section */
		015EFB931F1C61500015E97A /* Sources */ = {
			isa = PBXSourcesBuildPhase;
			buildActionMask = 2147483647;
			files = (
				015EFBD01F1C63200015E97A /* BrandsViewController.swift in Sources */,
				015EFBD41F1C66570015E97A /* Router.swift in Sources */,
				0196190B1F20395000450660 /* InternetChecker.swift in Sources */,
				0121D82C1F1DBACF0078B979 /* Helpers.swift in Sources */,
				019619091F20388000450660 /* UIDecorator.swift in Sources */,
				01A89FAF1F1D975800865941 /* BrandsViewModel.swift in Sources */,
				01A89FB11F1D97F900865941 /* Brand.swift in Sources */,
				0196190D1F2048D200450660 /* Extensions.swift in Sources */,
				019619071F1FC96000450660 /* SectionData.swift in Sources */,
				019619051F1ECC7100450660 /* BrandService.swift in Sources */,
				0121D82E1F1DC4650078B979 /* BrandCell.swift in Sources */,
				015EFB9B1F1C61500015E97A /* AppDelegate.swift in Sources */,
			);
			runOnlyForDeploymentPostprocessing = 0;
		};
		0196190E1F204E3000450660 /* Sources */ = {
			isa = PBXSourcesBuildPhase;
			buildActionMask = 2147483647;
			files = (
				019619201F204F0400450660 /* BrandsServiceTests.swift in Sources */,
			);
			runOnlyForDeploymentPostprocessing = 0;
		};
/* End PBXSourcesBuildPhase section */

/* Begin PBXTargetDependency section */
		019619181F204E3000450660 /* PBXTargetDependency */ = {
			isa = PBXTargetDependency;
			target = 015EFB961F1C61500015E97A /* Stylight Technical Task */;
			targetProxy = 019619171F204E3000450660 /* PBXContainerItemProxy */;
		};
/* End PBXTargetDependency section */

/* Begin PBXVariantGroup section */
		015EFB9E1F1C61500015E97A /* Main.storyboard */ = {
			isa = PBXVariantGroup;
			children = (
				015EFB9F1F1C61500015E97A /* Base */,
			);
			name = Main.storyboard;
			path = ..;
			sourceTree = "<group>";
		};
		015EFBA31F1C61500015E97A /* LaunchScreen.storyboard */ = {
			isa = PBXVariantGroup;
			children = (
				015EFBA41F1C61500015E97A /* Base */,
			);
			name = LaunchScreen.storyboard;
			path = ..;
			sourceTree = "<group>";
		};
/* End PBXVariantGroup section */

/* Begin XCBuildConfiguration section */
		015EFBBD1F1C61500015E97A /* Debug */ = {
			isa = XCBuildConfiguration;
			buildSettings = {
				ALWAYS_SEARCH_USER_PATHS = NO;
				CLANG_ANALYZER_NONNULL = YES;
				CLANG_ANALYZER_NUMBER_OBJECT_CONVERSION = YES_AGGRESSIVE;
				CLANG_CXX_LANGUAGE_STANDARD = "gnu++0x";
				CLANG_CXX_LIBRARY = "libc++";
				CLANG_ENABLE_MODULES = YES;
				CLANG_ENABLE_OBJC_ARC = YES;
				CLANG_WARN_BOOL_CONVERSION = YES;
				CLANG_WARN_CONSTANT_CONVERSION = YES;
				CLANG_WARN_DIRECT_OBJC_ISA_USAGE = YES_ERROR;
				CLANG_WARN_DOCUMENTATION_COMMENTS = YES;
				CLANG_WARN_EMPTY_BODY = YES;
				CLANG_WARN_ENUM_CONVERSION = YES;
				CLANG_WARN_INFINITE_RECURSION = YES;
				CLANG_WARN_INT_CONVERSION = YES;
				CLANG_WARN_OBJC_ROOT_CLASS = YES_ERROR;
				CLANG_WARN_SUSPICIOUS_MOVE = YES;
				CLANG_WARN_UNREACHABLE_CODE = YES;
				CLANG_WARN__DUPLICATE_METHOD_MATCH = YES;
				"CODE_SIGN_IDENTITY[sdk=iphoneos*]" = "iPhone Developer";
				COPY_PHASE_STRIP = NO;
				DEBUG_INFORMATION_FORMAT = dwarf;
				ENABLE_STRICT_OBJC_MSGSEND = YES;
				ENABLE_TESTABILITY = YES;
				GCC_C_LANGUAGE_STANDARD = gnu99;
				GCC_DYNAMIC_NO_PIC = NO;
				GCC_NO_COMMON_BLOCKS = YES;
				GCC_OPTIMIZATION_LEVEL = 0;
				GCC_PREPROCESSOR_DEFINITIONS = (
					"DEBUG=1",
					"$(inherited)",
				);
				GCC_WARN_64_TO_32_BIT_CONVERSION = YES;
				GCC_WARN_ABOUT_RETURN_TYPE = YES_ERROR;
				GCC_WARN_UNDECLARED_SELECTOR = YES;
				GCC_WARN_UNINITIALIZED_AUTOS = YES_AGGRESSIVE;
				GCC_WARN_UNUSED_FUNCTION = YES;
				GCC_WARN_UNUSED_VARIABLE = YES;
				IPHONEOS_DEPLOYMENT_TARGET = 10.3;
				MTL_ENABLE_DEBUG_INFO = YES;
				ONLY_ACTIVE_ARCH = YES;
				SDKROOT = iphoneos;
				SWIFT_ACTIVE_COMPILATION_CONDITIONS = DEBUG;
				SWIFT_OPTIMIZATION_LEVEL = "-Onone";
			};
			name = Debug;
		};
		015EFBBE1F1C61500015E97A /* Release */ = {
			isa = XCBuildConfiguration;
			buildSettings = {
				ALWAYS_SEARCH_USER_PATHS = NO;
				CLANG_ANALYZER_NONNULL = YES;
				CLANG_ANALYZER_NUMBER_OBJECT_CONVERSION = YES_AGGRESSIVE;
				CLANG_CXX_LANGUAGE_STANDARD = "gnu++0x";
				CLANG_CXX_LIBRARY = "libc++";
				CLANG_ENABLE_MODULES = YES;
				CLANG_ENABLE_OBJC_ARC = YES;
				CLANG_WARN_BOOL_CONVERSION = YES;
				CLANG_WARN_CONSTANT_CONVERSION = YES;
				CLANG_WARN_DIRECT_OBJC_ISA_USAGE = YES_ERROR;
				CLANG_WARN_DOCUMENTATION_COMMENTS = YES;
				CLANG_WARN_EMPTY_BODY = YES;
				CLANG_WARN_ENUM_CONVERSION = YES;
				CLANG_WARN_INFINITE_RECURSION = YES;
				CLANG_WARN_INT_CONVERSION = YES;
				CLANG_WARN_OBJC_ROOT_CLASS = YES_ERROR;
				CLANG_WARN_SUSPICIOUS_MOVE = YES;
				CLANG_WARN_UNREACHABLE_CODE = YES;
				CLANG_WARN__DUPLICATE_METHOD_MATCH = YES;
				"CODE_SIGN_IDENTITY[sdk=iphoneos*]" = "iPhone Developer";
				COPY_PHASE_STRIP = NO;
				DEBUG_INFORMATION_FORMAT = "dwarf-with-dsym";
				ENABLE_NS_ASSERTIONS = NO;
				ENABLE_STRICT_OBJC_MSGSEND = YES;
				GCC_C_LANGUAGE_STANDARD = gnu99;
				GCC_NO_COMMON_BLOCKS = YES;
				GCC_WARN_64_TO_32_BIT_CONVERSION = YES;
				GCC_WARN_ABOUT_RETURN_TYPE = YES_ERROR;
				GCC_WARN_UNDECLARED_SELECTOR = YES;
				GCC_WARN_UNINITIALIZED_AUTOS = YES_AGGRESSIVE;
				GCC_WARN_UNUSED_FUNCTION = YES;
				GCC_WARN_UNUSED_VARIABLE = YES;
				IPHONEOS_DEPLOYMENT_TARGET = 10.3;
				MTL_ENABLE_DEBUG_INFO = NO;
				SDKROOT = iphoneos;
				SWIFT_OPTIMIZATION_LEVEL = "-Owholemodule";
				VALIDATE_PRODUCT = YES;
			};
			name = Release;
		};
		015EFBC01F1C61500015E97A /* Debug */ = {
			isa = XCBuildConfiguration;
			baseConfigurationReference = 986A9697F17D00BC29EF9BF9 /* Pods-Stylight Technical Task.debug.xcconfig */;
			buildSettings = {
				ASSETCATALOG_COMPILER_APPICON_NAME = AppIcon;
				DEVELOPMENT_TEAM = LG4XB4J5E3;
				INFOPLIST_FILE = "Stylight Technical Task/Info.plist";
				IPHONEOS_DEPLOYMENT_TARGET = 10.2;
				LD_RUNPATH_SEARCH_PATHS = "$(inherited) @executable_path/Frameworks";
				PRODUCT_BUNDLE_IDENTIFIER = "com.ahmad.atef.Stylight-Technical-Task";
				PRODUCT_NAME = "$(TARGET_NAME)";
				SWIFT_VERSION = 3.0;
			};
			name = Debug;
		};
		015EFBC11F1C61500015E97A /* Release */ = {
			isa = XCBuildConfiguration;
			baseConfigurationReference = F6028988684E0754D99DE00A /* Pods-Stylight Technical Task.release.xcconfig */;
			buildSettings = {
				ASSETCATALOG_COMPILER_APPICON_NAME = AppIcon;
				DEVELOPMENT_TEAM = LG4XB4J5E3;
				INFOPLIST_FILE = "Stylight Technical Task/Info.plist";
				IPHONEOS_DEPLOYMENT_TARGET = 10.2;
				LD_RUNPATH_SEARCH_PATHS = "$(inherited) @executable_path/Frameworks";
				PRODUCT_BUNDLE_IDENTIFIER = "com.ahmad.atef.Stylight-Technical-Task";
				PRODUCT_NAME = "$(TARGET_NAME)";
				SWIFT_VERSION = 3.0;
			};
			name = Release;
		};
		0196191A1F204E3000450660 /* Debug */ = {
			isa = XCBuildConfiguration;
			buildSettings = {
				BUNDLE_LOADER = "$(TEST_HOST)";
				CLANG_ENABLE_MODULES = YES;
				DEVELOPMENT_TEAM = LG4XB4J5E3;
				INFOPLIST_FILE = StylightUnitTests/Info.plist;
				LD_RUNPATH_SEARCH_PATHS = "$(inherited) @executable_path/Frameworks @loader_path/Frameworks";
				PRODUCT_BUNDLE_IDENTIFIER = com.ahmad.atef.StylightUnitTests;
				PRODUCT_NAME = "$(TARGET_NAME)";
				SWIFT_OPTIMIZATION_LEVEL = "-Onone";
				SWIFT_VERSION = 3.0;
				TEST_HOST = "$(BUILT_PRODUCTS_DIR)/Stylight Technical Task.app/Stylight Technical Task";
			};
			name = Debug;
		};
		0196191B1F204E3000450660 /* Release */ = {
			isa = XCBuildConfiguration;
			buildSettings = {
				BUNDLE_LOADER = "$(TEST_HOST)";
				CLANG_ENABLE_MODULES = YES;
				DEVELOPMENT_TEAM = LG4XB4J5E3;
				INFOPLIST_FILE = StylightUnitTests/Info.plist;
				LD_RUNPATH_SEARCH_PATHS = "$(inherited) @executable_path/Frameworks @loader_path/Frameworks";
				PRODUCT_BUNDLE_IDENTIFIER = com.ahmad.atef.StylightUnitTests;
				PRODUCT_NAME = "$(TARGET_NAME)";
				SWIFT_VERSION = 3.0;
				TEST_HOST = "$(BUILT_PRODUCTS_DIR)/Stylight Technical Task.app/Stylight Technical Task";
			};
			name = Release;
		};
/* End XCBuildConfiguration section */

/* Begin XCConfigurationList section */
		015EFB921F1C61500015E97A /* Build configuration list for PBXProject "Stylight Technical Task" */ = {
			isa = XCConfigurationList;
			buildConfigurations = (
				015EFBBD1F1C61500015E97A /* Debug */,
				015EFBBE1F1C61500015E97A /* Release */,
			);
			defaultConfigurationIsVisible = 0;
			defaultConfigurationName = Release;
		};
		015EFBBF1F1C61500015E97A /* Build configuration list for PBXNativeTarget "Stylight Technical Task" */ = {
			isa = XCConfigurationList;
			buildConfigurations = (
				015EFBC01F1C61500015E97A /* Debug */,
				015EFBC11F1C61500015E97A /* Release */,
			);
			defaultConfigurationIsVisible = 0;
			defaultConfigurationName = Release;
		};
		019619191F204E3000450660 /* Build configuration list for PBXNativeTarget "StylightUnitTests" */ = {
			isa = XCConfigurationList;
			buildConfigurations = (
				0196191A1F204E3000450660 /* Debug */,
				0196191B1F204E3000450660 /* Release */,
			);
			defaultConfigurationIsVisible = 0;
		};
/* End XCConfigurationList section */
	};
	rootObject = 015EFB8F1F1C61500015E97A /* Project object */;
}
